{
  "name": "ClassConverterPlugin",
  "version": "1.0.1",
  "lockfileVersion": 3,
  "requires": true,
  "packages": {
    "": {
      "name": "ClassConverterPlugin",
      "version": "1.0.1",
      "license": "ISC",
      "dependencies": {
        "@quenty/fzy": "^5.10.0",
        "@quenty/loader": "^10.9.0",
        "@quenty/maid": "^3.5.0",
        "@quenty/signal": "^7.11.1",
        "@quenty/spring": "^10.9.0",
        "@quenty/string": "^3.3.3",
        "@quenty/valueobject": "^13.21.0"
      }
    },
    "node_modules/@quenty/brio": {
      "version": "14.20.0",
      "resolved": "https://artifactory.rbx.com/artifactory/api/npm/npm-all/@quenty/brio/-/brio-14.20.0.tgz",
      "integrity": "sha512-Bgz4Rpmbl6RkCrW/w1yHwQCaPzTyuzO5KlemMYw+1Pdqc8S0q4T7q9Iy91XA9OZrnhWM+7lSXhiOFcoEnT0AJA==",
      "license": "MIT",
      "dependencies": {
        "@quenty/loader": "^10.9.0",
        "@quenty/maid": "^3.5.0",
        "@quenty/rx": "^13.20.0",
        "@quenty/signal": "^7.11.1",
        "@quenty/steputils": "^3.6.0",
        "@quenty/table": "^3.8.0"
      },
      "funding": {
        "type": "patreon",
        "url": "https://www.patreon.com/quenty"
      }
    },
    "node_modules/@quenty/cancellabledelay": {
      "version": "3.6.0",
      "resolved": "https://artifactory.rbx.com/artifactory/api/npm/npm-all/@quenty/cancellabledelay/-/cancellabledelay-3.6.0.tgz",
      "integrity": "sha512-IMjBMxIcu2uyGVM4snQ+/XkWI8EACidHaT+BPazbnaQm8rBRce2sBqvh3H3k+/2kkrhvuvdFt7LmSX2MDnHv2g==",
      "license": "MIT",
      "funding": {
        "type": "patreon",
        "url": "https://www.patreon.com/quenty"
      }
    },
    "node_modules/@quenty/canceltoken": {
      "version": "11.13.0",
      "resolved": "https://artifactory.rbx.com/artifactory/api/npm/npm-all/@quenty/canceltoken/-/canceltoken-11.13.0.tgz",
      "integrity": "sha512-Y3Tu6sPnp4XRAb630W6Ry3HH8LmvWhAO7e+nKwc8zLze41IGlaHDLIf2kOwP9fzyybXlThzlkGsWt+uYwhZgng==",
      "license": "MIT",
      "dependencies": {
        "@quenty/ducktype": "^5.9.0",
        "@quenty/loader": "^10.9.0",
        "@quenty/maid": "^3.5.0",
        "@quenty/promise": "^10.12.0",
        "@quenty/signal": "^7.11.1"
      },
      "funding": {
        "type": "patreon",
        "url": "https://www.patreon.com/quenty"
      }
    },
    "node_modules/@quenty/deferred": {
      "version": "2.3.0",
      "resolved": "https://artifactory.rbx.com/artifactory/api/npm/npm-all/@quenty/deferred/-/deferred-2.3.0.tgz",
      "integrity": "sha512-KuLtPIgj+fA95QK5G0pTezBNJvSMdaRhm40O0iDr08JSdEKG8Xm3Ua4H9bexcmuXb8bbEsV3Dahs/1SrxZbr9g==",
      "license": "MIT",
      "funding": {
        "type": "patreon",
        "url": "https://www.patreon.com/quenty"
      }
    },
    "node_modules/@quenty/ducktype": {
      "version": "5.9.0",
      "resolved": "https://artifactory.rbx.com/artifactory/api/npm/npm-all/@quenty/ducktype/-/ducktype-5.9.0.tgz",
      "integrity": "sha512-+TvZHoiYQY+sflgS63mQ5C2or7Io6iYquWddk9OcOcjirKK9BkKcz1AlFY438XDzsS+7rO5dMp1FCRcihMQx6g==",
      "license": "MIT",
      "dependencies": {
        "@quenty/loader": "^10.9.0"
      },
      "funding": {
        "type": "patreon",
        "url": "https://www.patreon.com/quenty"
      }
    },
    "node_modules/@quenty/fzy": {
      "version": "5.10.0",
      "resolved": "https://artifactory.rbx.com/artifactory/api/npm/npm-all/@quenty/fzy/-/fzy-5.10.0.tgz",
      "integrity": "sha512-l+7jOHIaa8XdA5ex2/2BoELsT5CHH4T6j0wJG9+9Eyw/Au9TrUXqYWhxyajxRrdb2iV+0yMkY+Yyn1shtyMVuQ==",
      "license": "MIT",
      "dependencies": {
        "@quenty/loader": "^10.9.0"
      }
    },
    "node_modules/@quenty/instanceutils": {
      "version": "13.20.0",
      "resolved": "https://artifactory.rbx.com/artifactory/api/npm/npm-all/@quenty/instanceutils/-/instanceutils-13.20.0.tgz",
      "integrity": "sha512-tkVIR4M9xBJDKNOZP1a4MMFu4QSx3Xf/AUTPwPK5PdDMBGr32Q6KZE3BO9SwPm48PAK7RUlyrZ3zq5oo2x9g3g==",
      "license": "MIT",
      "dependencies": {
        "@quenty/brio": "^14.20.0",
        "@quenty/loader": "^10.9.0",
        "@quenty/maid": "^3.5.0",
        "@quenty/rx": "^13.20.0",
        "@quenty/symbol": "^3.5.0"
      },
      "funding": {
        "type": "patreon",
        "url": "https://www.patreon.com/quenty"
      }
    },
    "node_modules/@quenty/loader": {
      "version": "10.9.0",
      "resolved": "https://artifactory.rbx.com/artifactory/api/npm/npm-all/@quenty/loader/-/loader-10.9.0.tgz",
      "integrity": "sha512-NB9l9Mw7t1fNYlCVpKg58Msa0KHgKpBPQGNkNs/4uP/FZv5EJfj/cpzRNg4tdJWTM9E/z5WDzRp90niDiW8Vbw==",
      "license": "MIT",
      "funding": {
        "type": "patreon",
        "url": "https://www.patreon.com/quenty"
      }
    },
    "node_modules/@quenty/maid": {
      "version": "3.5.0",
      "resolved": "https://artifactory.rbx.com/artifactory/api/npm/npm-all/@quenty/maid/-/maid-3.5.0.tgz",
      "integrity": "sha512-8nzpFT3S28UjUQaacPsbquNws6q/dZdilelid7K3uChnDKePvCveU/NdbPbXZ58H26CSAJ97txFvGcPYiwBnJw==",
      "license": "MIT",
      "funding": {
        "type": "patreon",
        "url": "https://www.patreon.com/quenty"
      }
    },
    "node_modules/@quenty/math": {
      "version": "2.7.3",
      "resolved": "https://artifactory.rbx.com/artifactory/api/npm/npm-all/@quenty/math/-/math-2.7.3.tgz",
      "integrity": "sha512-MdbR9C+mTpBFG2rR3mmgPNOYKzcbAb2qo/s5jab23GWxMV+NhfZroxixAplzKF405LC9Md6/+U1Fd9Ge+Q66qQ==",
      "license": "MIT",
      "funding": {
        "type": "patreon",
        "url": "https://www.patreon.com/quenty"
      }
    },
    "node_modules/@quenty/promise": {
      "version": "10.12.0",
      "resolved": "https://artifactory.rbx.com/artifactory/api/npm/npm-all/@quenty/promise/-/promise-10.12.0.tgz",
      "integrity": "sha512-MlwwYbtkfW6bc46y4+COVYaZ4jkUBdQRCyQ+9CKl/SSOG/VUqDJg++1EAep7OXaGEb092jH71eimUsaWZDbqzQ==",
      "license": "MIT",
      "dependencies": {
        "@quenty/deferred": "^2.3.0",
        "@quenty/loader": "^10.9.0",
        "@quenty/maid": "^3.5.0",
        "@quenty/math": "^2.7.3"
      },
      "funding": {
        "type": "patreon",
        "url": "https://www.patreon.com/quenty"
      }
    },
    "node_modules/@quenty/rx": {
      "version": "13.20.0",
      "resolved": "https://artifactory.rbx.com/artifactory/api/npm/npm-all/@quenty/rx/-/rx-13.20.0.tgz",
      "integrity": "sha512-UKajpUnFSynp9Pp8aMbhyu38v7LnoijF5V8NRUBkWeECLMQStidDPEl0nv2e0CODidG8eU/wo0FxBDmgjLrP2g==",
      "license": "MIT",
      "dependencies": {
        "@quenty/cancellabledelay": "^3.6.0",
        "@quenty/canceltoken": "^11.13.0",
        "@quenty/ducktype": "^5.9.0",
        "@quenty/loader": "^10.9.0",
        "@quenty/maid": "^3.5.0",
        "@quenty/promise": "^10.12.0",
        "@quenty/signal": "^7.11.1",
        "@quenty/symbol": "^3.5.0",
        "@quenty/table": "^3.8.0",
        "@quenty/throttle": "^10.10.0",
        "@quenty/typeutils": "^1.1.0"
      },
      "funding": {
        "type": "patreon",
        "url": "https://www.patreon.com/quenty"
      }
    },
    "node_modules/@quenty/rxsignal": {
      "version": "7.20.0",
      "resolved": "https://artifactory.rbx.com/artifactory/api/npm/npm-all/@quenty/rxsignal/-/rxsignal-7.20.0.tgz",
      "integrity": "sha512-QidCBX7TA8TEGzIqgy+VjAj7B7c7TeB3kgLwkHfE6NSBXJNA8wnQ1Hoym0gzi3h2f2+uQa3x7YxACNWP18pHbQ==",
      "license": "MIT",
      "dependencies": {
        "@quenty/loader": "^10.9.0",
        "@quenty/rx": "^13.20.0"
      },
      "funding": {
        "type": "patreon",
        "url": "https://www.patreon.com/quenty"
      }
    },
    "node_modules/@quenty/signal": {
      "version": "7.11.1",
      "resolved": "https://artifactory.rbx.com/artifactory/api/npm/npm-all/@quenty/signal/-/signal-7.11.1.tgz",
      "integrity": "sha512-LgZOTgAAsHT0jifPz+Okyek71561zL72A8lxVplGIERbTklYw8IBqFtNMj18nrceTI6csFfef9NoPNOT4COPeg==",
      "license": "MIT",
      "dependencies": {
        "@quenty/loader": "^10.9.0"
      },
      "funding": {
        "type": "patreon",
        "url": "https://www.patreon.com/quenty"
      }
    },
    "node_modules/@quenty/spring": {
      "version": "10.9.0",
      "resolved": "https://artifactory.rbx.com/artifactory/api/npm/npm-all/@quenty/spring/-/spring-10.9.0.tgz",
      "integrity": "sha512-t4dZF9h4QUdeOHhrVORtm3qxBLMUKMq4Gm5sohvlH8eAKLyHIj4gJtF3kJcyeixIphbsDpZPEzljfSJD1lNiyw==",
      "license": "MIT",
      "dependencies": {
        "@quenty/ducktype": "^5.9.0",
        "@quenty/loader": "^10.9.0"
      },
      "funding": {
        "type": "patreon",
        "url": "https://www.patreon.com/quenty"
      }
    },
    "node_modules/@quenty/steputils": {
      "version": "3.6.0",
      "resolved": "https://artifactory.rbx.com/artifactory/api/npm/npm-all/@quenty/steputils/-/steputils-3.6.0.tgz",
      "integrity": "sha512-7E5kQeXnREaPp2BbD/ypoNOvKoENB+kVsA/38htiIJyac/VdKseM9SjxgOWSPQo8llXQWk0knI+XO6t0iZPIeA==",
      "license": "MIT",
      "funding": {
        "type": "patreon",
        "url": "https://www.patreon.com/quenty"
      }
    },
    "node_modules/@quenty/string": {
      "version": "3.3.3",
      "resolved": "https://artifactory.rbx.com/artifactory/api/npm/npm-all/@quenty/string/-/string-3.3.3.tgz",
      "integrity": "sha512-A6+DUEjmllLjXBDx1VSQEmNOivSE50q619lBrjuJUHbHtEr/A1jdgyy4EM6znC5wOhAVyuUmThbSn53SPpus+A==",
      "license": "MIT",
      "funding": {
        "type": "patreon",
        "url": "https://www.patreon.com/quenty"
      }
    },
    "node_modules/@quenty/symbol": {
      "version": "3.5.0",
      "resolved": "https://artifactory.rbx.com/artifactory/api/npm/npm-all/@quenty/symbol/-/symbol-3.5.0.tgz",
      "integrity": "sha512-8ngXF9KjE57pTwUrX3gPOttNHa/6vQ8xAdmBfLsP1wPx2e/WyWwd9rr7E3GmfPM8tvuZUUNocePM+oJb4Ccuqg==",
      "license": "MIT",
      "funding": {
        "type": "patreon",
        "url": "https://www.patreon.com/quenty"
      }
    },
    "node_modules/@quenty/table": {
      "version": "3.8.0",
      "resolved": "https://artifactory.rbx.com/artifactory/api/npm/npm-all/@quenty/table/-/table-3.8.0.tgz",
      "integrity": "sha512-e/jopMNXPPq+gKLHsWWT3S4JBCVeqRFZCcxKiz9jVhlweBtYGo29/pDn8tWaSDOqeupKxnW5L3OUCo/gGkiwgg==",
      "license": "MIT",
      "funding": {
        "type": "patreon",
        "url": "https://www.patreon.com/quenty"
      }
    },
    "node_modules/@quenty/throttle": {
      "version": "10.10.0",
      "resolved": "https://artifactory.rbx.com/artifactory/api/npm/npm-all/@quenty/throttle/-/throttle-10.10.0.tgz",
      "integrity": "sha512-3rCzFsWi6DMQVYA5rzpCGNLU8Fmr/NAbIC0VD3HNb7j5vp3EzQgXbxXRy5QbYUn//x6iRjo05EuLDMLPm0PM4A==",
      "license": "MIT",
      "dependencies": {
        "@quenty/loader": "^10.9.0",
        "@quenty/typeutils": "^1.1.0"
      },
      "funding": {
        "type": "patreon",
        "url": "https://www.patreon.com/quenty"
      }
    },
    "node_modules/@quenty/typeutils": {
      "version": "1.1.0",
      "resolved": "https://artifactory.rbx.com/artifactory/api/npm/npm-all/@quenty/typeutils/-/typeutils-1.1.0.tgz",
      "integrity": "sha512-GBSwPmvZIJzQPWdEtIgzQ6zHnV+PraF8U6VYERl7FUZXcfSovxdG4CJXwY9Hs+wHT9KuSHx+GI19KILGiW3P1g==",
      "license": "MIT",
      "dependencies": {
        "@quenty/loader": "^10.9.0"
      },
      "funding": {
        "type": "patreon",
        "url": "https://www.patreon.com/quenty"
      }
    },
    "node_modules/@quenty/valuebaseutils": {
      "version": "13.20.0",
      "resolved": "https://artifactory.rbx.com/artifactory/api/npm/npm-all/@quenty/valuebaseutils/-/valuebaseutils-13.20.0.tgz",
      "integrity": "sha512-7P9hlXBJG/x21VjeOPddi4dZjjxnE10feRup9q7RC8ZVFkd4Eha2LKPLBOZYVk4YL5eF0X0i3+4XUZf2Zbwpkw==",
      "license": "MIT",
      "dependencies": {
        "@quenty/brio": "^14.20.0",
        "@quenty/instanceutils": "^13.20.0",
        "@quenty/loader": "^10.9.0",
        "@quenty/promise": "^10.12.0",
        "@quenty/rx": "^13.20.0",
        "@quenty/rxsignal": "^7.20.0"
      },
      "funding": {
        "type": "patreon",
        "url": "https://www.patreon.com/quenty"
      }
    },
    "node_modules/@quenty/valueobject": {
      "version": "13.21.0",
      "resolved": "https://artifactory.rbx.com/artifactory/api/npm/npm-all/@quenty/valueobject/-/valueobject-13.21.0.tgz",
      "integrity": "sha512-ySjo2Ru/EjHwT1nJzSvEp2sXMWTbc4r7qcCEbOu1fCkBl9LxZcwmy1SQ61JMn0sbUL040+LeTQPJllfOZN/vVg==",
      "license": "MIT",
      "dependencies": {
        "@quenty/brio": "^14.20.0",
        "@quenty/ducktype": "^5.9.0",
        "@quenty/loader": "^10.9.0",
        "@quenty/maid": "^3.5.0",
        "@quenty/rx": "^13.20.0",
        "@quenty/signal": "^7.11.1",
        "@quenty/valuebaseutils": "^13.20.0"
      },
      "funding": {
        "type": "patreon",
        "url": "https://www.patreon.com/quenty"
      }
    }
  }
}
